
Microsoft Visual Studio Solution File, Format Version 12.00
# Visual Studio Version 16
VisualStudioVersion = 16.0.31205.134
MinimumVisualStudioVersion = 10.0.40219.1
Project("{FAE04EC0-301F-11D3-BF4B-00C04F79EFBC}") = "Mars_Rover_Console", "Mars_Rover_Console\Mars_Rover_Console.csproj", "{F102EBF6-B439-4A13-A16E-C1BC3A539326}"
EndProject
Project("{FAE04EC0-301F-11D3-BF4B-00C04F79EFBC}") = "Mars_Rover_Test", "Mars_Rover_Test\Mars_Rover_Test.csproj", "{66D40570-EC06-4699-89E1-EDAA94467235}"
EndProject
Global
	GlobalSection(SolutionConfigurationPlatforms) = preSolution
		Debug|Any CPU = Debug|Any CPU
		Release|Any CPU = Release|Any CPU
	EndGlobalSection
	GlobalSection(ProjectConfigurationPlatforms) = postSolution
		{F102EBF6-B439-4A13-A16E-C1BC3A539326}.Debug|Any CPU.ActiveCfg = Debug|Any CPU
		{F102EBF6-B439-4A13-A16E-C1BC3A539326}.Debug|Any CPU.Build.0 = Debug|Any CPU
		{F102EBF6-B439-4A13-A16E-C1BC3A539326}.Release|Any CPU.ActiveCfg = Release|Any CPU
		{F102EBF6-B439-4A13-A16E-C1BC3A539326}.Release|Any CPU.Build.0 = Release|Any CPU
		{66D40570-EC06-4699-89E1-EDAA94467235}.Debug|Any CPU.ActiveCfg = Debug|Any CPU
		{66D40570-EC06-4699-89E1-EDAA94467235}.Debug|Any CPU.Build.0 = Debug|Any CPU
		{66D40570-EC06-4699-89E1-EDAA94467235}.Release|Any CPU.ActiveCfg = Release|Any CPU
		{66D40570-EC06-4699-89E1-EDAA94467235}.Release|Any CPU.Build.0 = Release|Any CPU
	EndGlobalSection
	GlobalSection(SolutionProperties) = preSolution
		HideSolutionNode = FALSE
	EndGlobalSection
	GlobalSection(ExtensibilityGlobals) = postSolution
		SolutionGuid = {2E6BAA88-D439-41BC-9B6F-9C7AD5EA220F}
	EndGlobalSection
EndGlobal
